
Microsoft Visual Studio Solution File, Format Version 12.00
# Visual Studio Version 17
VisualStudioVersion = 17.14.36603.0 d17.14
MinimumVisualStudioVersion = 10.0.40219.1
Project("{FAE04EC0-301F-11D3-BF4B-00C04F79EFBC}") = "ApiDBLojaJV", "ApiDBLojaJV\ApiDBLojaJV.csproj", "{893F055D-7333-4A67-A416-8F634FAC306D}"
EndProject
Global
	GlobalSection(SolutionConfigurationPlatforms) = preSolution
		Debug|Any CPU = Debug|Any CPU
		Release|Any CPU = Release|Any CPU
	EndGlobalSection
	GlobalSection(ProjectConfigurationPlatforms) = postSolution
		{893F055D-7333-4A67-A416-8F634FAC306D}.Debug|Any CPU.ActiveCfg = Debug|Any CPU
		{893F055D-7333-4A67-A416-8F634FAC306D}.Debug|Any CPU.Build.0 = Debug|Any CPU
		{893F055D-7333-4A67-A416-8F634FAC306D}.Release|Any CPU.ActiveCfg = Release|Any CPU
		{893F055D-7333-4A67-A416-8F634FAC306D}.Release|Any CPU.Build.0 = Release|Any CPU
	EndGlobalSection
	GlobalSection(SolutionProperties) = preSolution
		HideSolutionNode = FALSE
	EndGlobalSection
	GlobalSection(ExtensibilityGlobals) = postSolution
		SolutionGuid = {FCBE35BF-970C-4723-8F85-547E017D339A}
	EndGlobalSection
EndGlobal
